
Microsoft Visual Studio Solution File, Format Version 12.00
# Visual Studio Version 17
VisualStudioVersion = 17.0.31903.59
MinimumVisualStudioVersion = 10.0.40219.1
Project("{FAE04EC0-301F-11D3-BF4B-00C04F79EFBC}") = "VRC-OSC-ExternallyTrackedObject", "VRC-OSC-ExternallyTrackedObject.csproj", "{836F8B5C-B071-4F4D-9936-2F26A4D9F5BD}"
EndProject
Global
	GlobalSection(SolutionConfigurationPlatforms) = preSolution
		Debug|Any CPU = Debug|Any CPU
		Release|Any CPU = Release|Any CPU
	EndGlobalSection
	GlobalSection(ProjectConfigurationPlatforms) = postSolution
		{836F8B5C-B071-4F4D-9936-2F26A4D9F5BD}.Debug|Any CPU.ActiveCfg = Debug|Any CPU
		{836F8B5C-B071-4F4D-9936-2F26A4D9F5BD}.Debug|Any CPU.Build.0 = Debug|Any CPU
		{836F8B5C-B071-4F4D-9936-2F26A4D9F5BD}.Release|Any CPU.ActiveCfg = Release|Any CPU
		{836F8B5C-B071-4F4D-9936-2F26A4D9F5BD}.Release|Any CPU.Build.0 = Release|Any CPU
	EndGlobalSection
	GlobalSection(SolutionProperties) = preSolution
		HideSolutionNode = FALSE
	EndGlobalSection
	GlobalSection(ExtensibilityGlobals) = postSolution
		SolutionGuid = {FBA5093D-E3A6-46B4-87F7-DA261DBE8786}
	EndGlobalSection
EndGlobal
